
Microsoft Visual Studio Solution File, Format Version 12.00
# Visual Studio Version 17
VisualStudioVersion = 17.7.34221.43
MinimumVisualStudioVersion = 10.0.40219.1
Project("{FAE04EC0-301F-11D3-BF4B-00C04F79EFBC}") = "WarBot1", "WarBot1\WarBot1.csproj", "{270D7663-E097-40EE-B562-3CBAC8C97DDA}"
EndProject
Global
	GlobalSection(SolutionConfigurationPlatforms) = preSolution
		Debug|Any CPU = Debug|Any CPU
		Release|Any CPU = Release|Any CPU
	EndGlobalSection
	GlobalSection(ProjectConfigurationPlatforms) = postSolution
		{270D7663-E097-40EE-B562-3CBAC8C97DDA}.Debug|Any CPU.ActiveCfg = Debug|Any CPU
		{270D7663-E097-40EE-B562-3CBAC8C97DDA}.Debug|Any CPU.Build.0 = Debug|Any CPU
		{270D7663-E097-40EE-B562-3CBAC8C97DDA}.Release|Any CPU.ActiveCfg = Release|Any CPU
		{270D7663-E097-40EE-B562-3CBAC8C97DDA}.Release|Any CPU.Build.0 = Release|Any CPU
	EndGlobalSection
	GlobalSection(SolutionProperties) = preSolution
		HideSolutionNode = FALSE
	EndGlobalSection
	GlobalSection(ExtensibilityGlobals) = postSolution
		SolutionGuid = {1AC8F193-2010-4034-ACD4-252679828148}
	EndGlobalSection
EndGlobal
